Microsoft Visual Studio Solution File, Format Version 12.00
# Visual Studio Version 16
VisualStudioVersion = 16.0.31321.278
MinimumVisualStudioVersion = 10.0.40219.1
Project("{2150E333-8FDC-42A3-9474-1A3956D46DE8}") = "Renderers", "Renderers", "{C942D500-2340-45C8-8823-19BD2F774A66}"
EndProject
Project("{8BC9CEB8-8B4A-11D0-8D11-00A0C91BC942}") = "ng_game", "ng_game\ng_game.vcxproj", "{6B32F2A6-68A1-4F2D-BC84-25F3E376FA95}"
EndProject
Project("{8BC9CEB8-8B4A-11D0-8D11-00A0C91BC942}") = "ng_w32", "ng_w32\ng_w32.vcxproj", "{BFDAF64E-ED3F-45D1-B305-92C0F07742D2}"
EndProject
Project("{8BC9CEB8-8B4A-11D0-8D11-00A0C91BC942}") = "ng_d3d", "ng_d3d\ng_d3d.vcxproj", "{686D9247-558D-42E1-B0B0-6DB63C85411C}"
EndProject
Project("{8BC9CEB8-8B4A-11D0-8D11-00A0C91BC942}") = "ng_opengl", "ng_opengl\ng_opengl.vcxproj", "{686C9247-5C8D-42E1-B0C0-8DC63C85411C}"
EndProject
Project("{8BC9CEB8-8B4A-11D0-8D11-00A0C91BC942}") = "ng_soft", "ng_soft\ng_soft.vcxproj", "{68D79247-557D-4DE1-B7B0-7DB63C87411C}"
EndProject
Global
	GlobalSection(SolutionConfigurationPlatforms) = preSolution
		Debug|x86 = Debug|x86
		DLL ASM Debug|x86 = DLL ASM Debug|x86
		DLL ASM Release|x86 = DLL ASM Release|x86
		DLL ASM|x86 = DLL ASM|x86
		DLL Debug ASM|x86 = DLL Debug ASM|x86
		DLL Debug|x86 = DLL Debug|x86
		DLL Release|x86 = DLL Release|x86
		DLL VB|x86 = DLL VB|x86
		DLL|x86 = DLL|x86
		LIB ASM Debug|x86 = LIB ASM Debug|x86
		LIB ASM Release|x86 = LIB ASM Release|x86
		LIB Debug|x86 = LIB Debug|x86
		LIB Release|x86 = LIB Release|x86
		LIB|x86 = LIB|x86
		Release|x86 = Release|x86
	EndGlobalSection
	GlobalSection(ProjectConfigurationPlatforms) = postSolution
		{6B32F2A6-68A1-4F2D-BC84-25F3E376FA95}.Debug|x86.ActiveCfg = Debug|Win32
		{6B32F2A6-68A1-4F2D-BC84-25F3E376FA95}.Debug|x86.Build.0 = Debug|Win32
		{6B32F2A6-68A1-4F2D-BC84-25F3E376FA95}.DLL ASM Debug|x86.ActiveCfg = Debug|Win32
		{6B32F2A6-68A1-4F2D-BC84-25F3E376FA95}.DLL ASM Debug|x86.Build.0 = Debug|Win32
		{6B32F2A6-68A1-4F2D-BC84-25F3E376FA95}.DLL ASM Release|x86.ActiveCfg = Release|Win32
		{6B32F2A6-68A1-4F2D-BC84-25F3E376FA95}.DLL ASM Release|x86.Build.0 = Release|Win32
		{6B32F2A6-68A1-4F2D-BC84-25F3E376FA95}.DLL ASM|x86.ActiveCfg = Debug|Win32
		{6B32F2A6-68A1-4F2D-BC84-25F3E376FA95}.DLL ASM|x86.Build.0 = Debug|Win32
		{6B32F2A6-68A1-4F2D-BC84-25F3E376FA95}.DLL Debug ASM|x86.ActiveCfg = Debug|Win32
		{6B32F2A6-68A1-4F2D-BC84-25F3E376FA95}.DLL Debug ASM|x86.Build.0 = Debug|Win32
		{6B32F2A6-68A1-4F2D-BC84-25F3E376FA95}.DLL Debug|x86.ActiveCfg = Debug|Win32
		{6B32F2A6-68A1-4F2D-BC84-25F3E376FA95}.DLL Debug|x86.Build.0 = Debug|Win32
		{6B32F2A6-68A1-4F2D-BC84-25F3E376FA95}.DLL Release|x86.ActiveCfg = Release|Win32
		{6B32F2A6-68A1-4F2D-BC84-25F3E376FA95}.DLL Release|x86.Build.0 = Release|Win32
		{6B32F2A6-68A1-4F2D-BC84-25F3E376FA95}.DLL VB|x86.ActiveCfg = Debug|Win32
		{6B32F2A6-68A1-4F2D-BC84-25F3E376FA95}.DLL VB|x86.Build.0 = Debug|Win32
		{6B32F2A6-68A1-4F2D-BC84-25F3E376FA95}.DLL|x86.ActiveCfg = Debug|Win32
		{6B32F2A6-68A1-4F2D-BC84-25F3E376FA95}.DLL|x86.Build.0 = Debug|Win32
		{6B32F2A6-68A1-4F2D-BC84-25F3E376FA95}.LIB ASM Debug|x86.ActiveCfg = Debug|Win32
		{6B32F2A6-68A1-4F2D-BC84-25F3E376FA95}.LIB ASM Debug|x86.Build.0 = Debug|Win32
		{6B32F2A6-68A1-4F2D-BC84-25F3E376FA95}.LIB ASM Release|x86.ActiveCfg = Release|Win32
		{6B32F2A6-68A1-4F2D-BC84-25F3E376FA95}.LIB ASM Release|x86.Build.0 = Release|Win32
		{6B32F2A6-68A1-4F2D-BC84-25F3E376FA95}.LIB Debug|x86.ActiveCfg = Debug|Win32
		{6B32F2A6-68A1-4F2D-BC84-25F3E376FA95}.LIB Debug|x86.Build.0 = Debug|Win32
		{6B32F2A6-68A1-4F2D-BC84-25F3E376FA95}.LIB Release|x86.ActiveCfg = Release|Win32
		{6B32F2A6-68A1-4F2D-BC84-25F3E376FA95}.LIB Release|x86.Build.0 = Release|Win32
		{6B32F2A6-68A1-4F2D-BC84-25F3E376FA95}.LIB|x86.ActiveCfg = Debug|Win32
		{6B32F2A6-68A1-4F2D-BC84-25F3E376FA95}.LIB|x86.Build.0 = Debug|Win32
		{6B32F2A6-68A1-4F2D-BC84-25F3E376FA95}.Release|x86.ActiveCfg = Release|Win32
		{6B32F2A6-68A1-4F2D-BC84-25F3E376FA95}.Release|x86.Build.0 = Release|Win32
		{BFDAF64E-ED3F-45D1-B305-92C0F07742D2}.Debug|x86.ActiveCfg = Debug|Win32
		{BFDAF64E-ED3F-45D1-B305-92C0F07742D2}.Debug|x86.Build.0 = Debug|Win32
		{BFDAF64E-ED3F-45D1-B305-92C0F07742D2}.DLL ASM Debug|x86.ActiveCfg = Debug|Win32
		{BFDAF64E-ED3F-45D1-B305-92C0F07742D2}.DLL ASM Debug|x86.Build.0 = Debug|Win32
		{BFDAF64E-ED3F-45D1-B305-92C0F07742D2}.DLL ASM Release|x86.ActiveCfg = Release|Win32
		{BFDAF64E-ED3F-45D1-B305-92C0F07742D2}.DLL ASM Release|x86.Build.0 = Release|Win32
		{BFDAF64E-ED3F-45D1-B305-92C0F07742D2}.DLL ASM|x86.ActiveCfg = Debug|Win32
		{BFDAF64E-ED3F-45D1-B305-92C0F07742D2}.DLL ASM|x86.Build.0 = Debug|Win32
		{BFDAF64E-ED3F-45D1-B305-92C0F07742D2}.DLL Debug ASM|x86.ActiveCfg = Debug|Win32
		{BFDAF64E-ED3F-45D1-B305-92C0F07742D2}.DLL Debug ASM|x86.Build.0 = Debug|Win32
		{BFDAF64E-ED3F-45D1-B305-92C0F07742D2}.DLL Debug|x86.ActiveCfg = Debug|Win32
		{BFDAF64E-ED3F-45D1-B305-92C0F07742D2}.DLL Debug|x86.Build.0 = Debug|Win32
		{BFDAF64E-ED3F-45D1-B305-92C0F07742D2}.DLL Release|x86.ActiveCfg = Release|Win32
		{BFDAF64E-ED3F-45D1-B305-92C0F07742D2}.DLL Release|x86.Build.0 = Release|Win32
		{BFDAF64E-ED3F-45D1-B305-92C0F07742D2}.DLL VB|x86.ActiveCfg = Debug|Win32
		{BFDAF64E-ED3F-45D1-B305-92C0F07742D2}.DLL VB|x86.Build.0 = Debug|Win32
		{BFDAF64E-ED3F-45D1-B305-92C0F07742D2}.DLL|x86.ActiveCfg = Debug|Win32
		{BFDAF64E-ED3F-45D1-B305-92C0F07742D2}.DLL|x86.Build.0 = Debug|Win32
		{BFDAF64E-ED3F-45D1-B305-92C0F07742D2}.LIB ASM Debug|x86.ActiveCfg = Debug|Win32
		{BFDAF64E-ED3F-45D1-B305-92C0F07742D2}.LIB ASM Debug|x86.Build.0 = Debug|Win32
		{BFDAF64E-ED3F-45D1-B305-92C0F07742D2}.LIB ASM Release|x86.ActiveCfg = Release|Win32
		{BFDAF64E-ED3F-45D1-B305-92C0F07742D2}.LIB ASM Release|x86.Build.0 = Release|Win32
		{BFDAF64E-ED3F-45D1-B305-92C0F07742D2}.LIB Debug|x86.ActiveCfg = Debug|Win32
		{BFDAF64E-ED3F-45D1-B305-92C0F07742D2}.LIB Debug|x86.Build.0 = Debug|Win32
		{BFDAF64E-ED3F-45D1-B305-92C0F07742D2}.LIB Release|x86.ActiveCfg = Release|Win32
		{BFDAF64E-ED3F-45D1-B305-92C0F07742D2}.LIB Release|x86.Build.0 = Release|Win32
		{BFDAF64E-ED3F-45D1-B305-92C0F07742D2}.LIB|x86.ActiveCfg = Debug|Win32
		{BFDAF64E-ED3F-45D1-B305-92C0F07742D2}.LIB|x86.Build.0 = Debug|Win32
		{BFDAF64E-ED3F-45D1-B305-92C0F07742D2}.Release|x86.ActiveCfg = Release|Win32
		{BFDAF64E-ED3F-45D1-B305-92C0F07742D2}.Release|x86.Build.0 = Release|Win32
		{686D9247-558D-42E1-B0B0-6DB63C85411C}.Debug|x86.ActiveCfg = Debug|Win32
		{686D9247-558D-42E1-B0B0-6DB63C85411C}.DLL ASM Debug|x86.ActiveCfg = Debug|Win32
		{686D9247-558D-42E1-B0B0-6DB63C85411C}.DLL ASM Debug|x86.Build.0 = Debug|Win32
		{686D9247-558D-42E1-B0B0-6DB63C85411C}.DLL ASM Release|x86.ActiveCfg = Debug|Win32
		{686D9247-558D-42E1-B0B0-6DB63C85411C}.DLL ASM Release|x86.Build.0 = Debug|Win32
		{686D9247-558D-42E1-B0B0-6DB63C85411C}.DLL ASM|x86.ActiveCfg = Debug|Win32
		{686D9247-558D-42E1-B0B0-6DB63C85411C}.DLL ASM|x86.Build.0 = Debug|Win32
		{686D9247-558D-42E1-B0B0-6DB63C85411C}.DLL Debug ASM|x86.ActiveCfg = Debug|Win32
		{686D9247-558D-42E1-B0B0-6DB63C85411C}.DLL Debug ASM|x86.Build.0 = Debug|Win32
		{686D9247-558D-42E1-B0B0-6DB63C85411C}.DLL Debug|x86.ActiveCfg = Debug|Win32
		{686D9247-558D-42E1-B0B0-6DB63C85411C}.DLL Debug|x86.Build.0 = Debug|Win32
		{686D9247-558D-42E1-B0B0-6DB63C85411C}.DLL Release|x86.ActiveCfg = Debug|Win32
		{686D9247-558D-42E1-B0B0-6DB63C85411C}.DLL Release|x86.Build.0 = Debug|Win32
		{686D9247-558D-42E1-B0B0-6DB63C85411C}.DLL VB|x86.ActiveCfg = Debug|Win32
		{686D9247-558D-42E1-B0B0-6DB63C85411C}.DLL VB|x86.Build.0 = Debug|Win32
		{686D9247-558D-42E1-B0B0-6DB63C85411C}.DLL|x86.ActiveCfg = Debug|Win32
		{686D9247-558D-42E1-B0B0-6DB63C85411C}.DLL|x86.Build.0 = Debug|Win32
		{686D9247-558D-42E1-B0B0-6DB63C85411C}.LIB ASM Debug|x86.ActiveCfg = Debug|Win32
		{686D9247-558D-42E1-B0B0-6DB63C85411C}.LIB ASM Debug|x86.Build.0 = Debug|Win32
		{686D9247-558D-42E1-B0B0-6DB63C85411C}.LIB ASM Release|x86.ActiveCfg = Debug|Win32
		{686D9247-558D-42E1-B0B0-6DB63C85411C}.LIB ASM Release|x86.Build.0 = Debug|Win32
		{686D9247-558D-42E1-B0B0-6DB63C85411C}.LIB Debug|x86.ActiveCfg = Debug|Win32
		{686D9247-558D-42E1-B0B0-6DB63C85411C}.LIB Debug|x86.Build.0 = Debug|Win32
		{686D9247-558D-42E1-B0B0-6DB63C85411C}.LIB Release|x86.ActiveCfg = Debug|Win32
		{686D9247-558D-42E1-B0B0-6DB63C85411C}.LIB Release|x86.Build.0 = Debug|Win32
		{686D9247-558D-42E1-B0B0-6DB63C85411C}.LIB|x86.ActiveCfg = Debug|Win32
		{686D9247-558D-42E1-B0B0-6DB63C85411C}.LIB|x86.Build.0 = Debug|Win32
		{686D9247-558D-42E1-B0B0-6DB63C85411C}.Release|x86.ActiveCfg = Release|Win32
		{686C9247-5C8D-42E1-B0C0-8DC63C85411C}.Debug|x86.ActiveCfg = Debug|Win32
		{686C9247-5C8D-42E1-B0C0-8DC63C85411C}.Debug|x86.Build.0 = Debug|Win32
		{686C9247-5C8D-42E1-B0C0-8DC63C85411C}.DLL ASM Debug|x86.ActiveCfg = Debug|Win32
		{686C9247-5C8D-42E1-B0C0-8DC63C85411C}.DLL ASM Debug|x86.Build.0 = Debug|Win32
		{686C9247-5C8D-42E1-B0C0-8DC63C85411C}.DLL ASM Release|x86.ActiveCfg = Release|Win32
		{686C9247-5C8D-42E1-B0C0-8DC63C85411C}.DLL ASM Release|x86.Build.0 = Release|Win32
		{686C9247-5C8D-42E1-B0C0-8DC63C85411C}.DLL ASM|x86.ActiveCfg = Debug|Win32
		{686C9247-5C8D-42E1-B0C0-8DC63C85411C}.DLL ASM|x86.Build.0 = Debug|Win32
		{686C9247-5C8D-42E1-B0C0-8DC63C85411C}.DLL Debug ASM|x86.ActiveCfg = Debug|Win32
		{686C9247-5C8D-42E1-B0C0-8DC63C85411C}.DLL Debug ASM|x86.Build.0 = Debug|Win32
		{686C9247-5C8D-42E1-B0C0-8DC63C85411C}.DLL Debug|x86.ActiveCfg = Debug|Win32
		{686C9247-5C8D-42E1-B0C0-8DC63C85411C}.DLL Debug|x86.Build.0 = Debug|Win32
		{686C9247-5C8D-42E1-B0C0-8DC63C85411C}.DLL Release|x86.ActiveCfg = Release|Win32
		{686C9247-5C8D-42E1-B0C0-8DC63C85411C}.DLL Release|x86.Build.0 = Release|Win32
		{686C9247-5C8D-42E1-B0C0-8DC63C85411C}.DLL VB|x86.ActiveCfg = Debug|Win32
		{686C9247-5C8D-42E1-B0C0-8DC63C85411C}.DLL VB|x86.Build.0 = Debug|Win32
		{686C9247-5C8D-42E1-B0C0-8DC63C85411C}.DLL|x86.ActiveCfg = Debug|Win32
		{686C9247-5C8D-42E1-B0C0-8DC63C85411C}.DLL|x86.Build.0 = Debug|Win32
		{686C9247-5C8D-42E1-B0C0-8DC63C85411C}.LIB ASM Debug|x86.ActiveCfg = Debug|Win32
		{686C9247-5C8D-42E1-B0C0-8DC63C85411C}.LIB ASM Debug|x86.Build.0 = Debug|Win32
		{686C9247-5C8D-42E1-B0C0-8DC63C85411C}.LIB ASM Release|x86.ActiveCfg = Release|Win32
		{686C9247-5C8D-42E1-B0C0-8DC63C85411C}.LIB ASM Release|x86.Build.0 = Release|Win32
		{686C9247-5C8D-42E1-B0C0-8DC63C85411C}.LIB Debug|x86.ActiveCfg = Debug|Win32
		{686C9247-5C8D-42E1-B0C0-8DC63C85411C}.LIB Debug|x86.Build.0 = Debug|Win32
		{686C9247-5C8D-42E1-B0C0-8DC63C85411C}.LIB Release|x86.ActiveCfg = Release|Win32
		{686C9247-5C8D-42E1-B0C0-8DC63C85411C}.LIB Release|x86.Build.0 = Release|Win32
		{686C9247-5C8D-42E1-B0C0-8DC63C85411C}.LIB|x86.ActiveCfg = Debug|Win32
		{686C9247-5C8D-42E1-B0C0-8DC63C85411C}.LIB|x86.Build.0 = Debug|Win32
		{686C9247-5C8D-42E1-B0C0-8DC63C85411C}.Release|x86.ActiveCfg = Release|Win32
		{686C9247-5C8D-42E1-B0C0-8DC63C85411C}.Release|x86.Build.0 = Release|Win32
		{68D79247-557D-4DE1-B7B0-7DB63C87411C}.Debug|x86.ActiveCfg = Debug|Win32
		{68D79247-557D-4DE1-B7B0-7DB63C87411C}.Debug|x86.Build.0 = Debug|Win32
		{68D79247-557D-4DE1-B7B0-7DB63C87411C}.DLL ASM Debug|x86.ActiveCfg = Debug|Win32
		{68D79247-557D-4DE1-B7B0-7DB63C87411C}.DLL ASM Debug|x86.Build.0 = Debug|Win32
		{68D79247-557D-4DE1-B7B0-7DB63C87411C}.DLL ASM Release|x86.ActiveCfg = Release|Win32
		{68D79247-557D-4DE1-B7B0-7DB63C87411C}.DLL ASM Release|x86.Build.0 = Release|Win32
		{68D79247-557D-4DE1-B7B0-7DB63C87411C}.DLL ASM|x86.ActiveCfg = Debug|Win32
		{68D79247-557D-4DE1-B7B0-7DB63C87411C}.DLL ASM|x86.Build.0 = Debug|Win32
		{68D79247-557D-4DE1-B7B0-7DB63C87411C}.DLL Debug ASM|x86.ActiveCfg = Debug|Win32
		{68D79247-557D-4DE1-B7B0-7DB63C87411C}.DLL Debug ASM|x86.Build.0 = Debug|Win32
		{68D79247-557D-4DE1-B7B0-7DB63C87411C}.DLL Debug|x86.ActiveCfg = Debug|Win32
		{68D79247-557D-4DE1-B7B0-7DB63C87411C}.DLL Debug|x86.Build.0 = Debug|Win32
		{68D79247-557D-4DE1-B7B0-7DB63C87411C}.DLL Release|x86.ActiveCfg = Release|Win32
		{68D79247-557D-4DE1-B7B0-7DB63C87411C}.DLL Release|x86.Build.0 = Release|Win32
		{68D79247-557D-4DE1-B7B0-7DB63C87411C}.DLL VB|x86.ActiveCfg = Debug|Win32
		{68D79247-557D-4DE1-B7B0-7DB63C87411C}.DLL VB|x86.Build.0 = Debug|Win32
		{68D79247-557D-4DE1-B7B0-7DB63C87411C}.DLL|x86.ActiveCfg = Debug|Win32
		{68D79247-557D-4DE1-B7B0-7DB63C87411C}.DLL|x86.Build.0 = Debug|Win32
		{68D79247-557D-4DE1-B7B0-7DB63C87411C}.LIB ASM Debug|x86.ActiveCfg = Debug|Win32
		{68D79247-557D-4DE1-B7B0-7DB63C87411C}.LIB ASM Debug|x86.Build.0 = Debug|Win32
		{68D79247-557D-4DE1-B7B0-7DB63C87411C}.LIB ASM Release|x86.ActiveCfg = Release|Win32
		{68D79247-557D-4DE1-B7B0-7DB63C87411C}.LIB ASM Release|x86.Build.0 = Release|Win32
		{68D79247-557D-4DE1-B7B0-7DB63C87411C}.LIB Debug|x86.ActiveCfg = Debug|Win32
		{68D79247-557D-4DE1-B7B0-7DB63C87411C}.LIB Debug|x86.Build.0 = Debug|Win32
		{68D79247-557D-4DE1-B7B0-7DB63C87411C}.LIB Release|x86.ActiveCfg = Release|Win32
		{68D79247-557D-4DE1-B7B0-7DB63C87411C}.LIB Release|x86.Build.0 = Release|Win32
		{68D79247-557D-4DE1-B7B0-7DB63C87411C}.LIB|x86.ActiveCfg = Debug|Win32
		{68D79247-557D-4DE1-B7B0-7DB63C87411C}.LIB|x86.Build.0 = Debug|Win32
		{68D79247-557D-4DE1-B7B0-7DB63C87411C}.Release|x86.ActiveCfg = Release|Win32
		{68D79247-557D-4DE1-B7B0-7DB63C87411C}.Release|x86.Build.0 = Release|Win32
	EndGlobalSection
	GlobalSection(SolutionProperties) = preSolution
		HideSolutionNode = FALSE
	EndGlobalSection
	GlobalSection(NestedProjects) = preSolution
		{686D9247-558D-42E1-B0B0-6DB63C85411C} = {C942D500-2340-45C8-8823-19BD2F774A66}
		{686C9247-5C8D-42E1-B0C0-8DC63C85411C} = {C942D500-2340-45C8-8823-19BD2F774A66}
		{68D79247-557D-4DE1-B7B0-7DB63C87411C} = {C942D500-2340-45C8-8823-19BD2F774A66}
	EndGlobalSection
	GlobalSection(ExtensibilityGlobals) = postSolution
		SolutionGuid = {4B78AF02-0C1F-42E5-9694-BF13F273166F}
	EndGlobalSection
EndGlobal
