<?xml version="1.0" encoding="utf-8"?>
<Project ToolsVersion="4.0" xmlns="http://schemas.microsoft.com/developer/msbuild/2003">
  <ItemGroup>
    <Filter Include="Source Files">
      <UniqueIdentifier>{f1573fc4-0d36-4555-89eb-a99b50c8aaef}</UniqueIdentifier>
      <Extensions>cpp;c;cxx;rc;def;r;odl;idl;hpj;bat</Extensions>
    </Filter>
    <Filter Include="Header Files">
      <UniqueIdentifier>{de1be185-9f3a-41b4-8381-3ea47fff2be3}</UniqueIdentifier>
      <Extensions>h;hpp;hxx;hm;inl</Extensions>
    </Filter>
  </ItemGroup>
  <ItemGroup>
    <ClCompile Include="..\..\ccmx.c">
      <Filter>Source Files</Filter>
    </ClCompile>
    <ClCompile Include="..\..\console.c">
      <Filter>Source Files</Filter>
    </ClCompile>
    <ClCompile Include="..\..\lithium.c">
      <Filter>Source Files</Filter>
    </ClCompile>
    <ClCompile Include="..\..\lt_data.c">
      <Filter>Source Files</Filter>
    </ClCompile>
    <ClCompile Include="..\..\lt_fx.c">
      <Filter>Source Files</Filter>
    </ClCompile>
    <ClCompile Include="..\..\lt_game.c">
      <Filter>Source Files</Filter>
    </ClCompile>
    <ClCompile Include="..\..\lt_game2.c">
      <Filter>Source Files</Filter>
    </ClCompile>
    <ClCompile Include="..\..\lt_info.c">
      <Filter>Source Files</Filter>
    </ClCompile>
    <ClCompile Include="..\..\lt_input.c">
      <Filter>Source Files</Filter>
    </ClCompile>
    <ClCompile Include="..\..\lt_menu.c">
      <Filter>Source Files</Filter>
    </ClCompile>
    <ClCompile Include="..\..\lt_reso.c">
      <Filter>Source Files</Filter>
    </ClCompile>
    <ClCompile Include="..\..\lt_save.c">
      <Filter>Source Files</Filter>
    </ClCompile>
    <ClCompile Include="..\..\lt_sound.c">
      <Filter>Source Files</Filter>
    </ClCompile>
    <ClCompile Include="..\..\lt_st2.c">
      <Filter>Source Files</Filter>
    </ClCompile>
    <ClCompile Include="..\..\lt_start.c">
      <Filter>Source Files</Filter>
    </ClCompile>
    <ClCompile Include="..\..\lt_video.c">
      <Filter>Source Files</Filter>
    </ClCompile>
    <ClCompile Include="..\..\lt_weap.c">
      <Filter>Source Files</Filter>
    </ClCompile>
  </ItemGroup>
  <ItemGroup>
    <ClInclude Include="..\..\_nginfo.h">
      <Filter>Header Files</Filter>
    </ClInclude>
    <ClInclude Include="..\..\_stubini.h">
      <Filter>Header Files</Filter>
    </ClInclude>
    <ClInclude Include="..\..\console.h">
      <Filter>Header Files</Filter>
    </ClInclude>
    <ClInclude Include="..\..\lt_cmx.h">
      <Filter>Header Files</Filter>
    </ClInclude>
    <ClInclude Include="..\..\lt_conf.h">
      <Filter>Header Files</Filter>
    </ClInclude>
    <ClInclude Include="..\..\lt_data.h">
      <Filter>Header Files</Filter>
    </ClInclude>
    <ClInclude Include="..\..\lt_func.h">
      <Filter>Header Files</Filter>
    </ClInclude>
    <ClInclude Include="..\..\lt_struc.h">
      <Filter>Header Files</Filter>
    </ClInclude>
  </ItemGroup>
</Project>